
Microsoft Visual Studio Solution File, Format Version 12.00
# Visual Studio Version 17
VisualStudioVersion = 17.14.36109.1 d17.14
MinimumVisualStudioVersion = 10.0.40219.1
Project("{FAE04EC0-301F-11D3-BF4B-00C04F79EFBC}") = "PracticeBasicsCSharp01", "PracticeBasicsCSharp01.csproj", "{7E825B47-4B02-4832-A6C2-A4DA3E18CB88}"
EndProject
Global
	GlobalSection(SolutionConfigurationPlatforms) = preSolution
		Debug|Any CPU = Debug|Any CPU
		Release|Any CPU = Release|Any CPU
	EndGlobalSection
	GlobalSection(ProjectConfigurationPlatforms) = postSolution
		{7E825B47-4B02-4832-A6C2-A4DA3E18CB88}.Debug|Any CPU.ActiveCfg = Debug|Any CPU
		{7E825B47-4B02-4832-A6C2-A4DA3E18CB88}.Debug|Any CPU.Build.0 = Debug|Any CPU
		{7E825B47-4B02-4832-A6C2-A4DA3E18CB88}.Release|Any CPU.ActiveCfg = Release|Any CPU
		{7E825B47-4B02-4832-A6C2-A4DA3E18CB88}.Release|Any CPU.Build.0 = Release|Any CPU
	EndGlobalSection
	GlobalSection(SolutionProperties) = preSolution
		HideSolutionNode = FALSE
	EndGlobalSection
	GlobalSection(ExtensibilityGlobals) = postSolution
		SolutionGuid = {24001358-4C37-466B-9DBD-B02549744C64}
	EndGlobalSection
EndGlobal
